// !$*UTF8*$!
{
	archiveVersion = 1;
	classes = {
	};
	objectVersion = 46;
	objects = {

/* Begin PBXBuildFile section */
		8106C6B218D47E2F00963219 /* Foundation.framework in Frameworks */ = {isa = PBXBuildFile; fileRef = 8106C6B118D47E2F00963219 /* Foundation.framework */; };
		8106C6B418D47E2F00963219 /* CoreGraphics.framework in Frameworks */ = {isa = PBXBuildFile; fileRef = 8106C6B318D47E2F00963219 /* CoreGraphics.framework */; };
		8106C6B618D47E2F00963219 /* UIKit.framework in Frameworks */ = {isa = PBXBuildFile; fileRef = 8106C6B518D47E2F00963219 /* UIKit.framework */; };
		8106C6BC18D47E2F00963219 /* InfoPlist.strings in Resources */ = {isa = PBXBuildFile; fileRef = 8106C6BA18D47E2F00963219 /* InfoPlist.strings */; };
		8106C6BE18D47E2F00963219 /* main.m in Sources */ = {isa = PBXBuildFile; fileRef = 8106C6BD18D47E2F00963219 /* main.m */; };
		8106C6C218D47E2F00963219 /* CSAppDelegate.m in Sources */ = {isa = PBXBuildFile; fileRef = 8106C6C118D47E2F00963219 /* CSAppDelegate.m */; };
		8106C6C418D47E2F00963219 /* Images.xcassets in Resources */ = {isa = PBXBuildFile; fileRef = 8106C6C318D47E2F00963219 /* Images.xcassets */; };
		8106C6CB18D47E3000963219 /* XCTest.framework in Frameworks */ = {isa = PBXBuildFile; fileRef = 8106C6CA18D47E3000963219 /* XCTest.framework */; };
		8106C6CC18D47E3000963219 /* Foundation.framework in Frameworks */ = {isa = PBXBuildFile; fileRef = 8106C6B118D47E2F00963219 /* Foundation.framework */; };
		8106C6CD18D47E3000963219 /* UIKit.framework in Frameworks */ = {isa = PBXBuildFile; fileRef = 8106C6B518D47E2F00963219 /* UIKit.framework */; };
		8106C6D518D47E3000963219 /* InfoPlist.strings in Resources */ = {isa = PBXBuildFile; fileRef = 8106C6D318D47E3000963219 /* InfoPlist.strings */; };
		8106C6D718D47E3000963219 /* CashSplashTests.m in Sources */ = {isa = PBXBuildFile; fileRef = 8106C6D618D47E3000963219 /* CashSplashTests.m */; };
		8106C6E518D47F3100963219 /* Storyboard-iPhone.storyboard in Resources */ = {isa = PBXBuildFile; fileRef = 8106C6E418D47F3100963219 /* Storyboard-iPhone.storyboard */; };
		812C43FF19079EA000FAF848 /* CSSpendingModelRepository.m in Sources */ = {isa = PBXBuildFile; fileRef = 812C43FE19079EA000FAF848 /* CSSpendingModelRepository.m */; };
		812C440219079FCD00FAF848 /* CSRepositoryFactory.m in Sources */ = {isa = PBXBuildFile; fileRef = 812C440119079FCD00FAF848 /* CSRepositoryFactory.m */; };
		812C44051907A05100FAF848 /* CSDataManager.m in Sources */ = {isa = PBXBuildFile; fileRef = 812C44041907A05100FAF848 /* CSDataManager.m */; };
		812C44081907A11F00FAF848 /* CSSQLiteRepositoryFactory.m in Sources */ = {isa = PBXBuildFile; fileRef = 812C44071907A11F00FAF848 /* CSSQLiteRepositoryFactory.m */; };
		812C440B1907A1BB00FAF848 /* CSSQLiteSpendingModelRepository.m in Sources */ = {isa = PBXBuildFile; fileRef = 812C440A1907A1BB00FAF848 /* CSSQLiteSpendingModelRepository.m */; };
		812C440D1907A26A00FAF848 /* libsqlite3.dylib in Frameworks */ = {isa = PBXBuildFile; fileRef = 812C440C1907A26A00FAF848 /* libsqlite3.dylib */; };
		812C44101907AF6E00FAF848 /* CSCategoryRepository.m in Sources */ = {isa = PBXBuildFile; fileRef = 812C440F1907AF6E00FAF848 /* CSCategoryRepository.m */; };
		812C44131907AFA300FAF848 /* CSLabelRepository.m in Sources */ = {isa = PBXBuildFile; fileRef = 812C44121907AFA300FAF848 /* CSLabelRepository.m */; };
		812C44161907B14C00FAF848 /* CSSQLiteCategoryRepository.m in Sources */ = {isa = PBXBuildFile; fileRef = 812C44151907B14C00FAF848 /* CSSQLiteCategoryRepository.m */; };
		812C44191907B18000FAF848 /* CSSQLiteLabelRepository.m in Sources */ = {isa = PBXBuildFile; fileRef = 812C44181907B18000FAF848 /* CSSQLiteLabelRepository.m */; };
		81374DA818D6406C00573148 /* CSSpendingModel.m in Sources */ = {isa = PBXBuildFile; fileRef = 81374DA718D6406C00573148 /* CSSpendingModel.m */; };
		814F5DEB190BF24A004750EF /* Settings.plist in Resources */ = {isa = PBXBuildFile; fileRef = 814F5DEA190BF24A004750EF /* Settings.plist */; };
		814F5DEF190BF2E8004750EF /* CSSettingsManager.m in Sources */ = {isa = PBXBuildFile; fileRef = 814F5DEE190BF2E8004750EF /* CSSettingsManager.m */; };
		814F5DF1190BF50D004750EF /* Dropbox.framework in Frameworks */ = {isa = PBXBuildFile; fileRef = 814F5DF0190BF50D004750EF /* Dropbox.framework */; };
		814F5DF3190BF529004750EF /* CFNetwork.framework in Frameworks */ = {isa = PBXBuildFile; fileRef = 814F5DF2190BF529004750EF /* CFNetwork.framework */; };
		814F5DF5190BF532004750EF /* Security.framework in Frameworks */ = {isa = PBXBuildFile; fileRef = 814F5DF4190BF532004750EF /* Security.framework */; };
		814F5DF7190BF540004750EF /* SystemConfiguration.framework in Frameworks */ = {isa = PBXBuildFile; fileRef = 814F5DF6190BF540004750EF /* SystemConfiguration.framework */; };
		814F5DF9190BF544004750EF /* QuartzCore.framework in Frameworks */ = {isa = PBXBuildFile; fileRef = 814F5DF8190BF544004750EF /* QuartzCore.framework */; };
		814F5DFB190BF55D004750EF /* libc++.dylib in Frameworks */ = {isa = PBXBuildFile; fileRef = 814F5DFA190BF55D004750EF /* libc++.dylib */; };
		814F5E02190BF6AD004750EF /* CSDropboxRepositoryFactory.m in Sources */ = {isa = PBXBuildFile; fileRef = 814F5E01190BF6AD004750EF /* CSDropboxRepositoryFactory.m */; };
		814F5E07190BFBC6004750EF /* CSDatePickerViewController.m in Sources */ = {isa = PBXBuildFile; fileRef = 814F5E04190BFBC6004750EF /* CSDatePickerViewController.m */; };
		814F5E08190BFBC6004750EF /* CSTablePickerViewController.m in Sources */ = {isa = PBXBuildFile; fileRef = 814F5E06190BFBC6004750EF /* CSTablePickerViewController.m */; };
		814F5E0B190BFBD2004750EF /* CSNewItemTableViewController.m in Sources */ = {isa = PBXBuildFile; fileRef = 814F5E0A190BFBD2004750EF /* CSNewItemTableViewController.m */; };
		814F5E12190BFBDF004750EF /* CSDataDetailsTableViewController.m in Sources */ = {isa = PBXBuildFile; fileRef = 814F5E0D190BFBDF004750EF /* CSDataDetailsTableViewController.m */; };
		814F5E13190BFBDF004750EF /* CSDataTableViewController.m in Sources */ = {isa = PBXBuildFile; fileRef = 814F5E0F190BFBDF004750EF /* CSDataTableViewController.m */; };
		814F5E14190BFBDF004750EF /* CSSaveSpendingTableViewController.m in Sources */ = {isa = PBXBuildFile; fileRef = 814F5E11190BFBDF004750EF /* CSSaveSpendingTableViewController.m */; };
		814F5E17190BFC28004750EF /* CSSettingsTableViewController.m in Sources */ = {isa = PBXBuildFile; fileRef = 814F5E16190BFC28004750EF /* CSSettingsTableViewController.m */; };
		815DE2E01909017F0018F577 /* CSCategoryDataSource.m in Sources */ = {isa = PBXBuildFile; fileRef = 815DE2DF1909017F0018F577 /* CSCategoryDataSource.m */; };
		815DE2E61909067C0018F577 /* CSLabelDataSource.m in Sources */ = {isa = PBXBuildFile; fileRef = 815DE2E51909067C0018F577 /* CSLabelDataSource.m */; };
		816F02B5190BACE80048272F /* CSSpendingModelDataSource.m in Sources */ = {isa = PBXBuildFile; fileRef = 816F02B4190BACE80048272F /* CSSpendingModelDataSource.m */; };
		81CD0F77190A501E003D21E2 /* CSInfoView.m in Sources */ = {isa = PBXBuildFile; fileRef = 81CD0F76190A501E003D21E2 /* CSInfoView.m */; };
/* End PBXBuildFile section */

/* Begin PBXContainerItemProxy section */
		8106C6CE18D47E3000963219 /* PBXContainerItemProxy */ = {
			isa = PBXContainerItemProxy;
			containerPortal = 8106C6A618D47E2F00963219 /* Project object */;
			proxyType = 1;
			remoteGlobalIDString = 8106C6AD18D47E2F00963219;
			remoteInfo = CashSplash;
		};
/* End PBXContainerItemProxy section */

/* Begin PBXFileReference section */
		8106C6AE18D47E2F00963219 /* CashSplash.app */ = {isa = PBXFileReference; explicitFileType = wrapper.application; includeInIndex = 0; path = CashSplash.app; sourceTree = BUILT_PRODUCTS_DIR; };
		8106C6B118D47E2F00963219 /* Foundation.framework */ = {isa = PBXFileReference; lastKnownFileType = wrapper.framework; name = Foundation.framework; path = System/Library/Frameworks/Foundation.framework; sourceTree = SDKROOT; };
		8106C6B318D47E2F00963219 /* CoreGraphics.framework */ = {isa = PBXFileReference; lastKnownFileType = wrapper.framework; name = CoreGraphics.framework; path = System/Library/Frameworks/CoreGraphics.framework; sourceTree = SDKROOT; };
		8106C6B518D47E2F00963219 /* UIKit.framework */ = {isa = PBXFileReference; lastKnownFileType = wrapper.framework; name = UIKit.framework; path = System/Library/Frameworks/UIKit.framework; sourceTree = SDKROOT; };
		8106C6B918D47E2F00963219 /* CashSplash-Info.plist */ = {isa = PBXFileReference; lastKnownFileType = text.plist.xml; path = "CashSplash-Info.plist"; sourceTree = "<group>"; };
		8106C6BB18D47E2F00963219 /* en */ = {isa = PBXFileReference; lastKnownFileType = text.plist.strings; name = en; path = en.lproj/InfoPlist.strings; sourceTree = "<group>"; };
		8106C6BD18D47E2F00963219 /* main.m */ = {isa = PBXFileReference; lastKnownFileType = sourcecode.c.objc; path = main.m; sourceTree = "<group>"; };
		8106C6BF18D47E2F00963219 /* CashSplash-Prefix.pch */ = {isa = PBXFileReference; lastKnownFileType = sourcecode.c.h; path = "CashSplash-Prefix.pch"; sourceTree = "<group>"; };
		8106C6C018D47E2F00963219 /* CSAppDelegate.h */ = {isa = PBXFileReference; lastKnownFileType = sourcecode.c.h; path = CSAppDelegate.h; sourceTree = "<group>"; };
		8106C6C118D47E2F00963219 /* CSAppDelegate.m */ = {isa = PBXFileReference; lastKnownFileType = sourcecode.c.objc; path = CSAppDelegate.m; sourceTree = "<group>"; };
		8106C6C318D47E2F00963219 /* Images.xcassets */ = {isa = PBXFileReference; lastKnownFileType = folder.assetcatalog; path = Images.xcassets; sourceTree = "<group>"; };
		8106C6C918D47E3000963219 /* CashSplashTests.xctest */ = {isa = PBXFileReference; explicitFileType = wrapper.cfbundle; includeInIndex = 0; path = CashSplashTests.xctest; sourceTree = BUILT_PRODUCTS_DIR; };
		8106C6CA18D47E3000963219 /* XCTest.framework */ = {isa = PBXFileReference; lastKnownFileType = wrapper.framework; name = XCTest.framework; path = Library/Frameworks/XCTest.framework; sourceTree = DEVELOPER_DIR; };
		8106C6D218D47E3000963219 /* CashSplashTests-Info.plist */ = {isa = PBXFileReference; lastKnownFileType = text.plist.xml; path = "CashSplashTests-Info.plist"; sourceTree = "<group>"; };
		8106C6D418D47E3000963219 /* en */ = {isa = PBXFileReference; lastKnownFileType = text.plist.strings; name = en; path = en.lproj/InfoPlist.strings; sourceTree = "<group>"; };
		8106C6D618D47E3000963219 /* CashSplashTests.m */ = {isa = PBXFileReference; lastKnownFileType = sourcecode.c.objc; path = CashSplashTests.m; sourceTree = "<group>"; };
		8106C6E418D47F3100963219 /* Storyboard-iPhone.storyboard */ = {isa = PBXFileReference; fileEncoding = 4; lastKnownFileType = file.storyboard; name = "Storyboard-iPhone.storyboard"; path = "UI/Storyboard-iPhone.storyboard"; sourceTree = "<group>"; };
		812C43FD19079EA000FAF848 /* CSSpendingModelRepository.h */ = {isa = PBXFileReference; fileEncoding = 4; lastKnownFileType = sourcecode.c.h; name = CSSpendingModelRepository.h; path = Data/Interface/CSSpendingModelRepository.h; sourceTree = "<group>"; };
		812C43FE19079EA000FAF848 /* CSSpendingModelRepository.m */ = {isa = PBXFileReference; fileEncoding = 4; lastKnownFileType = sourcecode.c.objc; name = CSSpendingModelRepository.m; path = Data/Interface/CSSpendingModelRepository.m; sourceTree = "<group>"; };
		812C440019079FCD00FAF848 /* CSRepositoryFactory.h */ = {isa = PBXFileReference; fileEncoding = 4; lastKnownFileType = sourcecode.c.h; name = CSRepositoryFactory.h; path = Data/Interface/CSRepositoryFactory.h; sourceTree = "<group>"; };
		812C440119079FCD00FAF848 /* CSRepositoryFactory.m */ = {isa = PBXFileReference; fileEncoding = 4; lastKnownFileType = sourcecode.c.objc; name = CSRepositoryFactory.m; path = Data/Interface/CSRepositoryFactory.m; sourceTree = "<group>"; };
		812C44031907A05100FAF848 /* CSDataManager.h */ = {isa = PBXFileReference; fileEncoding = 4; lastKnownFileType = sourcecode.c.h; name = CSDataManager.h; path = Data/CSDataManager.h; sourceTree = "<group>"; };
		812C44041907A05100FAF848 /* CSDataManager.m */ = {isa = PBXFileReference; fileEncoding = 4; lastKnownFileType = sourcecode.c.objc; name = CSDataManager.m; path = Data/CSDataManager.m; sourceTree = "<group>"; };
		812C44061907A11F00FAF848 /* CSSQLiteRepositoryFactory.h */ = {isa = PBXFileReference; fileEncoding = 4; lastKnownFileType = sourcecode.c.h; name = CSSQLiteRepositoryFactory.h; path = Data/SQLite/CSSQLiteRepositoryFactory.h; sourceTree = "<group>"; };
		812C44071907A11F00FAF848 /* CSSQLiteRepositoryFactory.m */ = {isa = PBXFileReference; fileEncoding = 4; lastKnownFileType = sourcecode.c.objc; name = CSSQLiteRepositoryFactory.m; path = Data/SQLite/CSSQLiteRepositoryFactory.m; sourceTree = "<group>"; };
		812C44091907A1BB00FAF848 /* CSSQLiteSpendingModelRepository.h */ = {isa = PBXFileReference; fileEncoding = 4; lastKnownFileType = sourcecode.c.h; name = CSSQLiteSpendingModelRepository.h; path = Data/SQLite/CSSQLiteSpendingModelRepository.h; sourceTree = "<group>"; };
		812C440A1907A1BB00FAF848 /* CSSQLiteSpendingModelRepository.m */ = {isa = PBXFileReference; fileEncoding = 4; lastKnownFileType = sourcecode.c.objc; name = CSSQLiteSpendingModelRepository.m; path = Data/SQLite/CSSQLiteSpendingModelRepository.m; sourceTree = "<group>"; };
		812C440C1907A26A00FAF848 /* libsqlite3.dylib */ = {isa = PBXFileReference; lastKnownFileType = "compiled.mach-o.dylib"; name = libsqlite3.dylib; path = usr/lib/libsqlite3.dylib; sourceTree = SDKROOT; };
		812C440E1907AF6E00FAF848 /* CSCategoryRepository.h */ = {isa = PBXFileReference; fileEncoding = 4; lastKnownFileType = sourcecode.c.h; name = CSCategoryRepository.h; path = Data/Interface/CSCategoryRepository.h; sourceTree = "<group>"; };
		812C440F1907AF6E00FAF848 /* CSCategoryRepository.m */ = {isa = PBXFileReference; fileEncoding = 4; lastKnownFileType = sourcecode.c.objc; name = CSCategoryRepository.m; path = Data/Interface/CSCategoryRepository.m; sourceTree = "<group>"; };
		812C44111907AFA300FAF848 /* CSLabelRepository.h */ = {isa = PBXFileReference; fileEncoding = 4; lastKnownFileType = sourcecode.c.h; name = CSLabelRepository.h; path = Data/Interface/CSLabelRepository.h; sourceTree = "<group>"; };
		812C44121907AFA300FAF848 /* CSLabelRepository.m */ = {isa = PBXFileReference; fileEncoding = 4; lastKnownFileType = sourcecode.c.objc; name = CSLabelRepository.m; path = Data/Interface/CSLabelRepository.m; sourceTree = "<group>"; };
		812C44141907B14C00FAF848 /* CSSQLiteCategoryRepository.h */ = {isa = PBXFileReference; fileEncoding = 4; lastKnownFileType = sourcecode.c.h; name = CSSQLiteCategoryRepository.h; path = Data/SQLite/CSSQLiteCategoryRepository.h; sourceTree = "<group>"; };
		812C44151907B14C00FAF848 /* CSSQLiteCategoryRepository.m */ = {isa = PBXFileReference; fileEncoding = 4; lastKnownFileType = sourcecode.c.objc; name = CSSQLiteCategoryRepository.m; path = Data/SQLite/CSSQLiteCategoryRepository.m; sourceTree = "<group>"; };
		812C44171907B18000FAF848 /* CSSQLiteLabelRepository.h */ = {isa = PBXFileReference; fileEncoding = 4; lastKnownFileType = sourcecode.c.h; name = CSSQLiteLabelRepository.h; path = Data/SQLite/CSSQLiteLabelRepository.h; sourceTree = "<group>"; };
		812C44181907B18000FAF848 /* CSSQLiteLabelRepository.m */ = {isa = PBXFileReference; fileEncoding = 4; lastKnownFileType = sourcecode.c.objc; name = CSSQLiteLabelRepository.m; path = Data/SQLite/CSSQLiteLabelRepository.m; sourceTree = "<group>"; };
		81374DA618D6406C00573148 /* CSSpendingModel.h */ = {isa = PBXFileReference; fileEncoding = 4; lastKnownFileType = sourcecode.c.h; name = CSSpendingModel.h; path = Model/CSSpendingModel.h; sourceTree = "<group>"; };
		81374DA718D6406C00573148 /* CSSpendingModel.m */ = {isa = PBXFileReference; fileEncoding = 4; lastKnownFileType = sourcecode.c.objc; name = CSSpendingModel.m; path = Model/CSSpendingModel.m; sourceTree = "<group>"; };
		814F5DEA190BF24A004750EF /* Settings.plist */ = {isa = PBXFileReference; fileEncoding = 4; lastKnownFileType = text.plist.xml; path = Settings.plist; sourceTree = "<group>"; };
		814F5DED190BF2E8004750EF /* CSSettingsManager.h */ = {isa = PBXFileReference; fileEncoding = 4; lastKnownFileType = sourcecode.c.h; name = CSSettingsManager.h; path = Util/CSSettingsManager.h; sourceTree = "<group>"; };
		814F5DEE190BF2E8004750EF /* CSSettingsManager.m */ = {isa = PBXFileReference; fileEncoding = 4; lastKnownFileType = sourcecode.c.objc; name = CSSettingsManager.m; path = Util/CSSettingsManager.m; sourceTree = "<group>"; };
		814F5DF0190BF50D004750EF /* Dropbox.framework */ = {isa = PBXFileReference; lastKnownFileType = wrapper.framework; path = Dropbox.framework; sourceTree = "<group>"; };
		814F5DF2190BF529004750EF /* CFNetwork.framework */ = {isa = PBXFileReference; lastKnownFileType = wrapper.framework; name = CFNetwork.framework; path = System/Library/Frameworks/CFNetwork.framework; sourceTree = SDKROOT; };
		814F5DF4190BF532004750EF /* Security.framework */ = {isa = PBXFileReference; lastKnownFileType = wrapper.framework; name = Security.framework; path = System/Library/Frameworks/Security.framework; sourceTree = SDKROOT; };
		814F5DF6190BF540004750EF /* SystemConfiguration.framework */ = {isa = PBXFileReference; lastKnownFileType = wrapper.framework; name = SystemConfiguration.framework; path = System/Library/Frameworks/SystemConfiguration.framework; sourceTree = SDKROOT; };
		814F5DF8190BF544004750EF /* QuartzCore.framework */ = {isa = PBXFileReference; lastKnownFileType = wrapper.framework; name = QuartzCore.framework; path = System/Library/Frameworks/QuartzCore.framework; sourceTree = SDKROOT; };
		814F5DFA190BF55D004750EF /* libc++.dylib */ = {isa = PBXFileReference; lastKnownFileType = "compiled.mach-o.dylib"; name = "libc++.dylib"; path = "usr/lib/libc++.dylib"; sourceTree = SDKROOT; };
		814F5E00190BF6AD004750EF /* CSDropboxRepositoryFactory.h */ = {isa = PBXFileReference; fileEncoding = 4; lastKnownFileType = sourcecode.c.h; name = CSDropboxRepositoryFactory.h; path = Data/Dropbox/CSDropboxRepositoryFactory.h; sourceTree = "<group>"; };
		814F5E01190BF6AD004750EF /* CSDropboxRepositoryFactory.m */ = {isa = PBXFileReference; fileEncoding = 4; lastKnownFileType = sourcecode.c.objc; name = CSDropboxRepositoryFactory.m; path = Data/Dropbox/CSDropboxRepositoryFactory.m; sourceTree = "<group>"; };
		814F5E03190BFBC6004750EF /* CSDatePickerViewController.h */ = {isa = PBXFileReference; fileEncoding = 4; lastKnownFileType = sourcecode.c.h; name = CSDatePickerViewController.h; path = UI/Controller/Pickers/CSDatePickerViewController.h; sourceTree = "<group>"; };
		814F5E04190BFBC6004750EF /* CSDatePickerViewController.m */ = {isa = PBXFileReference; fileEncoding = 4; lastKnownFileType = sourcecode.c.objc; name = CSDatePickerViewController.m; path = UI/Controller/Pickers/CSDatePickerViewController.m; sourceTree = "<group>"; };
		814F5E05190BFBC6004750EF /* CSTablePickerViewController.h */ = {isa = PBXFileReference; fileEncoding = 4; lastKnownFileType = sourcecode.c.h; name = CSTablePickerViewController.h; path = UI/Controller/Pickers/CSTablePickerViewController.h; sourceTree = "<group>"; };
		814F5E06190BFBC6004750EF /* CSTablePickerViewController.m */ = {isa = PBXFileReference; fileEncoding = 4; lastKnownFileType = sourcecode.c.objc; name = CSTablePickerViewController.m; path = UI/Controller/Pickers/CSTablePickerViewController.m; sourceTree = "<group>"; };
		814F5E09190BFBD2004750EF /* CSNewItemTableViewController.h */ = {isa = PBXFileReference; fileEncoding = 4; lastKnownFileType = sourcecode.c.h; name = CSNewItemTableViewController.h; path = UI/Controller/Data/CSNewItemTableViewController.h; sourceTree = "<group>"; };
		814F5E0A190BFBD2004750EF /* CSNewItemTableViewController.m */ = {isa = PBXFileReference; fileEncoding = 4; lastKnownFileType = sourcecode.c.objc; name = CSNewItemTableViewController.m; path = UI/Controller/Data/CSNewItemTableViewController.m; sourceTree = "<group>"; };
		814F5E0C190BFBDE004750EF /* CSDataDetailsTableViewController.h */ = {isa = PBXFileReference; fileEncoding = 4; lastKnownFileType = sourcecode.c.h; name = CSDataDetailsTableViewController.h; path = UI/Controller/CSDataDetailsTableViewController.h; sourceTree = "<group>"; };
		814F5E0D190BFBDF004750EF /* CSDataDetailsTableViewController.m */ = {isa = PBXFileReference; fileEncoding = 4; lastKnownFileType = sourcecode.c.objc; name = CSDataDetailsTableViewController.m; path = UI/Controller/CSDataDetailsTableViewController.m; sourceTree = "<group>"; };
		814F5E0E190BFBDF004750EF /* CSDataTableViewController.h */ = {isa = PBXFileReference; fileEncoding = 4; lastKnownFileType = sourcecode.c.h; name = CSDataTableViewController.h; path = UI/Controller/CSDataTableViewController.h; sourceTree = "<group>"; };
		814F5E0F190BFBDF004750EF /* CSDataTableViewController.m */ = {isa = PBXFileReference; fileEncoding = 4; lastKnownFileType = sourcecode.c.objc; name = CSDataTableViewController.m; path = UI/Controller/CSDataTableViewController.m; sourceTree = "<group>"; };
		814F5E10190BFBDF004750EF /* CSSaveSpendingTableViewController.h */ = {isa = PBXFileReference; fileEncoding = 4; lastKnownFileType = sourcecode.c.h; name = CSSaveSpendingTableViewController.h; path = UI/Controller/CSSaveSpendingTableViewController.h; sourceTree = "<group>"; };
		814F5E11190BFBDF004750EF /* CSSaveSpendingTableViewController.m */ = {isa = PBXFileReference; fileEncoding = 4; lastKnownFileType = sourcecode.c.objc; name = CSSaveSpendingTableViewController.m; path = UI/Controller/CSSaveSpendingTableViewController.m; sourceTree = "<group>"; };
		814F5E15190BFC28004750EF /* CSSettingsTableViewController.h */ = {isa = PBXFileReference; fileEncoding = 4; lastKnownFileType = sourcecode.c.h; name = CSSettingsTableViewController.h; path = UI/Controller/CSSettingsTableViewController.h; sourceTree = "<group>"; };
		814F5E16190BFC28004750EF /* CSSettingsTableViewController.m */ = {isa = PBXFileReference; fileEncoding = 4; lastKnownFileType = sourcecode.c.objc; name = CSSettingsTableViewController.m; path = UI/Controller/CSSettingsTableViewController.m; sourceTree = "<group>"; };
		815DE2DE1909017F0018F577 /* CSCategoryDataSource.h */ = {isa = PBXFileReference; fileEncoding = 4; lastKnownFileType = sourcecode.c.h; name = CSCategoryDataSource.h; path = Data/DataSource/CSCategoryDataSource.h; sourceTree = "<group>"; };
		815DE2DF1909017F0018F577 /* CSCategoryDataSource.m */ = {isa = PBXFileReference; fileEncoding = 4; lastKnownFileType = sourcecode.c.objc; name = CSCategoryDataSource.m; path = Data/DataSource/CSCategoryDataSource.m; sourceTree = "<group>"; };
		815DE2E41909067C0018F577 /* CSLabelDataSource.h */ = {isa = PBXFileReference; fileEncoding = 4; lastKnownFileType = sourcecode.c.h; name = CSLabelDataSource.h; path = Data/DataSource/CSLabelDataSource.h; sourceTree = "<group>"; };
		815DE2E51909067C0018F577 /* CSLabelDataSource.m */ = {isa = PBXFileReference; fileEncoding = 4; lastKnownFileType = sourcecode.c.objc; name = CSLabelDataSource.m; path = Data/DataSource/CSLabelDataSource.m; sourceTree = "<group>"; };
		816F02B3190BACE80048272F /* CSSpendingModelDataSource.h */ = {isa = PBXFileReference; fileEncoding = 4; lastKnownFileType = sourcecode.c.h; name = CSSpendingModelDataSource.h; path = Data/DataSource/CSSpendingModelDataSource.h; sourceTree = "<group>"; };
		816F02B4190BACE80048272F /* CSSpendingModelDataSource.m */ = {isa = PBXFileReference; fileEncoding = 4; lastKnownFileType = sourcecode.c.objc; name = CSSpendingModelDataSource.m; path = Data/DataSource/CSSpendingModelDataSource.m; sourceTree = "<group>"; };
		81CD0F75190A501E003D21E2 /* CSInfoView.h */ = {isa = PBXFileReference; fileEncoding = 4; lastKnownFileType = sourcecode.c.h; name = CSInfoView.h; path = UI/Component/CSInfoView.h; sourceTree = "<group>"; };
		81CD0F76190A501E003D21E2 /* CSInfoView.m */ = {isa = PBXFileReference; fileEncoding = 4; lastKnownFileType = sourcecode.c.objc; name = CSInfoView.m; path = UI/Component/CSInfoView.m; sourceTree = "<group>"; };
/* End PBXFileReference section */

/* Begin PBXFrameworksBuildPhase section */
		8106C6AB18D47E2F00963219 /* Frameworks */ = {
			isa = PBXFrameworksBuildPhase;
			buildActionMask = 2147483647;
			files = (
				814F5DFB190BF55D004750EF /* libc++.dylib in Frameworks */,
				814F5DF9190BF544004750EF /* QuartzCore.framework in Frameworks */,
				814F5DF7190BF540004750EF /* SystemConfiguration.framework in Frameworks */,
				814F5DF5190BF532004750EF /* Security.framework in Frameworks */,
				814F5DF3190BF529004750EF /* CFNetwork.framework in Frameworks */,
				812C440D1907A26A00FAF848 /* libsqlite3.dylib in Frameworks */,
				8106C6B418D47E2F00963219 /* CoreGraphics.framework in Frameworks */,
				814F5DF1190BF50D004750EF /* Dropbox.framework in Frameworks */,
				8106C6B618D47E2F00963219 /* UIKit.framework in Frameworks */,
				8106C6B218D47E2F00963219 /* Foundation.framework in Frameworks */,
			);
			runOnlyForDeploymentPostprocessing = 0;
		};
		8106C6C618D47E3000963219 /* Frameworks */ = {
			isa = PBXFrameworksBuildPhase;
			buildActionMask = 2147483647;
			files = (
				8106C6CB18D47E3000963219 /* XCTest.framework in Frameworks */,
				8106C6CD18D47E3000963219 /* UIKit.framework in Frameworks */,
				8106C6CC18D47E3000963219 /* Foundation.framework in Frameworks */,
			);
			runOnlyForDeploymentPostprocessing = 0;
		};
/* End PBXFrameworksBuildPhase section */

/* Begin PBXGroup section */
		8106C6A518D47E2F00963219 = {
			isa = PBXGroup;
			children = (
				8106C6B718D47E2F00963219 /* CashSplash */,
				8106C6D018D47E3000963219 /* CashSplashTests */,
				8106C6B018D47E2F00963219 /* Frameworks */,
				8106C6AF18D47E2F00963219 /* Products */,
			);
			sourceTree = "<group>";
		};
		8106C6AF18D47E2F00963219 /* Products */ = {
			isa = PBXGroup;
			children = (
				8106C6AE18D47E2F00963219 /* CashSplash.app */,
				8106C6C918D47E3000963219 /* CashSplashTests.xctest */,
			);
			name = Products;
			sourceTree = "<group>";
		};
		8106C6B018D47E2F00963219 /* Frameworks */ = {
			isa = PBXGroup;
			children = (
				814F5DF2190BF529004750EF /* CFNetwork.framework */,
				8106C6B318D47E2F00963219 /* CoreGraphics.framework */,
				814F5DF0190BF50D004750EF /* Dropbox.framework */,
				8106C6B118D47E2F00963219 /* Foundation.framework */,
				814F5DFA190BF55D004750EF /* libc++.dylib */,
				812C440C1907A26A00FAF848 /* libsqlite3.dylib */,
				814F5DF8190BF544004750EF /* QuartzCore.framework */,
				814F5DF4190BF532004750EF /* Security.framework */,
				814F5DF6190BF540004750EF /* SystemConfiguration.framework */,
				8106C6B518D47E2F00963219 /* UIKit.framework */,
				8106C6CA18D47E3000963219 /* XCTest.framework */,
			);
			name = Frameworks;
			sourceTree = "<group>";
		};
		8106C6B718D47E2F00963219 /* CashSplash */ = {
			isa = PBXGroup;
			children = (
				812C43FA19079E1100FAF848 /* Data */,
				8106C6E118D47EF400963219 /* Model */,
				8106C6E018D47EEE00963219 /* UI */,
				814F5DEC190BF2C8004750EF /* Util */,
				8106C6C018D47E2F00963219 /* CSAppDelegate.h */,
				8106C6C118D47E2F00963219 /* CSAppDelegate.m */,
				8106C6C318D47E2F00963219 /* Images.xcassets */,
				8106C6B818D47E2F00963219 /* Supporting Files */,
			);
			path = CashSplash;
			sourceTree = "<group>";
		};
		8106C6B818D47E2F00963219 /* Supporting Files */ = {
			isa = PBXGroup;
			children = (
				8106C6B918D47E2F00963219 /* CashSplash-Info.plist */,
				8106C6BF18D47E2F00963219 /* CashSplash-Prefix.pch */,
				8106C6BA18D47E2F00963219 /* InfoPlist.strings */,
				8106C6BD18D47E2F00963219 /* main.m */,
				814F5DEA190BF24A004750EF /* Settings.plist */,
			);
			name = "Supporting Files";
			sourceTree = "<group>";
		};
		8106C6D018D47E3000963219 /* CashSplashTests */ = {
			isa = PBXGroup;
			children = (
				8106C6D618D47E3000963219 /* CashSplashTests.m */,
				8106C6D118D47E3000963219 /* Supporting Files */,
			);
			path = CashSplashTests;
			sourceTree = "<group>";
		};
		8106C6D118D47E3000963219 /* Supporting Files */ = {
			isa = PBXGroup;
			children = (
				8106C6D218D47E3000963219 /* CashSplashTests-Info.plist */,
				8106C6D318D47E3000963219 /* InfoPlist.strings */,
			);
			name = "Supporting Files";
			sourceTree = "<group>";
		};
		8106C6E018D47EEE00963219 /* UI */ = {
			isa = PBXGroup;
			children = (
				81CD0F74190A4F4A003D21E2 /* Component */,
				8106C6E918D488EF00963219 /* Controller */,
				8106C6E418D47F3100963219 /* Storyboard-iPhone.storyboard */,
			);
			name = UI;
			sourceTree = "<group>";
		};
		8106C6E118D47EF400963219 /* Model */ = {
			isa = PBXGroup;
			children = (
				81374DA618D6406C00573148 /* CSSpendingModel.h */,
				81374DA718D6406C00573148 /* CSSpendingModel.m */,
			);
			name = Model;
			sourceTree = "<group>";
		};
		8106C6E918D488EF00963219 /* Controller */ = {
			isa = PBXGroup;
			children = (
				81636D9C18F07A4300E3B72B /* Data */,
				810E44EA18D59487009B526E /* Pickers */,
				814F5E0C190BFBDE004750EF /* CSDataDetailsTableViewController.h */,
				814F5E0D190BFBDF004750EF /* CSDataDetailsTableViewController.m */,
				814F5E0E190BFBDF004750EF /* CSDataTableViewController.h */,
				814F5E0F190BFBDF004750EF /* CSDataTableViewController.m */,
				814F5E10190BFBDF004750EF /* CSSaveSpendingTableViewController.h */,
				814F5E11190BFBDF004750EF /* CSSaveSpendingTableViewController.m */,
				814F5E15190BFC28004750EF /* CSSettingsTableViewController.h */,
				814F5E16190BFC28004750EF /* CSSettingsTableViewController.m */,
			);
			name = Controller;
			sourceTree = "<group>";
		};
		810E44EA18D59487009B526E /* Pickers */ = {
			isa = PBXGroup;
			children = (
				814F5E03190BFBC6004750EF /* CSDatePickerViewController.h */,
				814F5E04190BFBC6004750EF /* CSDatePickerViewController.m */,
				814F5E05190BFBC6004750EF /* CSTablePickerViewController.h */,
				814F5E06190BFBC6004750EF /* CSTablePickerViewController.m */,
			);
			name = Pickers;
			sourceTree = "<group>";
		};
		812C43FA19079E1100FAF848 /* Data */ = {
			isa = PBXGroup;
			children = (
				815DE2DD190901610018F577 /* DataSource */,
				814F5DFC190BF66A004750EF /* Dropbox */,
				812C43FC19079E7400FAF848 /* Interface */,
				812C43FB19079E5A00FAF848 /* SQLite */,
				812C44031907A05100FAF848 /* CSDataManager.h */,
				812C44041907A05100FAF848 /* CSDataManager.m */,
			);
			name = Data;
			sourceTree = "<group>";
		};
		812C43FB19079E5A00FAF848 /* SQLite */ = {
			isa = PBXGroup;
			children = (
				812C44141907B14C00FAF848 /* CSSQLiteCategoryRepository.h */,
				812C44151907B14C00FAF848 /* CSSQLiteCategoryRepository.m */,
				812C44171907B18000FAF848 /* CSSQLiteLabelRepository.h */,
				812C44181907B18000FAF848 /* CSSQLiteLabelRepository.m */,
				812C44061907A11F00FAF848 /* CSSQLiteRepositoryFactory.h */,
				812C44071907A11F00FAF848 /* CSSQLiteRepositoryFactory.m */,
				812C44091907A1BB00FAF848 /* CSSQLiteSpendingModelRepository.h */,
				812C440A1907A1BB00FAF848 /* CSSQLiteSpendingModelRepository.m */,
			);
			name = SQLite;
			sourceTree = "<group>";
		};
		812C43FC19079E7400FAF848 /* Interface */ = {
			isa = PBXGroup;
			children = (
				812C440E1907AF6E00FAF848 /* CSCategoryRepository.h */,
				812C440F1907AF6E00FAF848 /* CSCategoryRepository.m */,
				812C44111907AFA300FAF848 /* CSLabelRepository.h */,
				812C44121907AFA300FAF848 /* CSLabelRepository.m */,
				812C440019079FCD00FAF848 /* CSRepositoryFactory.h */,
				812C440119079FCD00FAF848 /* CSRepositoryFactory.m */,
				812C43FD19079EA000FAF848 /* CSSpendingModelRepository.h */,
				812C43FE19079EA000FAF848 /* CSSpendingModelRepository.m */,
			);
			name = Interface;
			sourceTree = "<group>";
		};
		814F5DEC190BF2C8004750EF /* Util */ = {
			isa = PBXGroup;
			children = (
				814F5DED190BF2E8004750EF /* CSSettingsManager.h */,
				814F5DEE190BF2E8004750EF /* CSSettingsManager.m */,
			);
			name = Util;
			sourceTree = "<group>";
		};
		814F5DFC190BF66A004750EF /* Dropbox */ = {
			isa = PBXGroup;
			children = (
				814F5E00190BF6AD004750EF /* CSDropboxRepositoryFactory.h */,
				814F5E01190BF6AD004750EF /* CSDropboxRepositoryFactory.m */,
			);
			name = Dropbox;
			sourceTree = "<group>";
		};
		815DE2DD190901610018F577 /* DataSource */ = {
			isa = PBXGroup;
			children = (
				815DE2DE1909017F0018F577 /* CSCategoryDataSource.h */,
				815DE2DF1909017F0018F577 /* CSCategoryDataSource.m */,
				815DE2E41909067C0018F577 /* CSLabelDataSource.h */,
				815DE2E51909067C0018F577 /* CSLabelDataSource.m */,
				816F02B3190BACE80048272F /* CSSpendingModelDataSource.h */,
				816F02B4190BACE80048272F /* CSSpendingModelDataSource.m */,
			);
			name = DataSource;
			sourceTree = "<group>";
		};
		81636D9C18F07A4300E3B72B /* Data */ = {
			isa = PBXGroup;
			children = (
				814F5E09190BFBD2004750EF /* CSNewItemTableViewController.h */,
				814F5E0A190BFBD2004750EF /* CSNewItemTableViewController.m */,
			);
			name = Data;
			sourceTree = "<group>";
		};
		81CD0F74190A4F4A003D21E2 /* Component */ = {
			isa = PBXGroup;
			children = (
				81CD0F75190A501E003D21E2 /* CSInfoView.h */,
				81CD0F76190A501E003D21E2 /* CSInfoView.m */,
			);
			name = Component;
			sourceTree = "<group>";
		};
/* End PBXGroup section */

/* Begin PBXNativeTarget section */
		8106C6AD18D47E2F00963219 /* CashSplash */ = {
			isa = PBXNativeTarget;
			buildConfigurationList = 8106C6DA18D47E3000963219 /* Build configuration list for PBXNativeTarget "CashSplash" */;
			buildPhases = (
				8106C6AA18D47E2F00963219 /* Sources */,
				8106C6AB18D47E2F00963219 /* Frameworks */,
				8106C6AC18D47E2F00963219 /* Resources */,
			);
			buildRules = (
			);
			dependencies = (
			);
			name = CashSplash;
			productName = CashSplash;
			productReference = 8106C6AE18D47E2F00963219 /* CashSplash.app */;
			productType = "com.apple.product-type.application";
		};
		8106C6C818D47E3000963219 /* CashSplashTests */ = {
			isa = PBXNativeTarget;
			buildConfigurationList = 8106C6DD18D47E3000963219 /* Build configuration list for PBXNativeTarget "CashSplashTests" */;
			buildPhases = (
				8106C6C518D47E3000963219 /* Sources */,
				8106C6C618D47E3000963219 /* Frameworks */,
				8106C6C718D47E3000963219 /* Resources */,
			);
			buildRules = (
			);
			dependencies = (
				8106C6CF18D47E3000963219 /* PBXTargetDependency */,
			);
			name = CashSplashTests;
			productName = CashSplashTests;
			productReference = 8106C6C918D47E3000963219 /* CashSplashTests.xctest */;
			productType = "com.apple.product-type.bundle.unit-test";
		};
/* End PBXNativeTarget section */

/* Begin PBXProject section */
		8106C6A618D47E2F00963219 /* Project object */ = {
			isa = PBXProject;
			attributes = {
				CLASSPREFIX = CS;
				LastUpgradeCheck = 0510;
				ORGANIZATIONNAME = "Ivan Fabijanovic";
				TargetAttributes = {
					8106C6AD18D47E2F00963219 = {
						DevelopmentTeam = EV533W4H92;
					};
					8106C6C818D47E3000963219 = {
						TestTargetID = 8106C6AD18D47E2F00963219;
					};
				};
			};
			buildConfigurationList = 8106C6A918D47E2F00963219 /* Build configuration list for PBXProject "CashSplash" */;
			compatibilityVersion = "Xcode 3.2";
			developmentRegion = English;
			hasScannedForEncodings = 0;
			knownRegions = (
				en,
			);
			mainGroup = 8106C6A518D47E2F00963219;
			productRefGroup = 8106C6AF18D47E2F00963219 /* Products */;
			projectDirPath = "";
			projectRoot = "";
			targets = (
				8106C6AD18D47E2F00963219 /* CashSplash */,
				8106C6C818D47E3000963219 /* CashSplashTests */,
			);
		};
/* End PBXProject section */

/* Begin PBXResourcesBuildPhase section */
		8106C6AC18D47E2F00963219 /* Resources */ = {
			isa = PBXResourcesBuildPhase;
			buildActionMask = 2147483647;
			files = (
				8106C6E518D47F3100963219 /* Storyboard-iPhone.storyboard in Resources */,
				814F5DEB190BF24A004750EF /* Settings.plist in Resources */,
				8106C6BC18D47E2F00963219 /* InfoPlist.strings in Resources */,
				8106C6C418D47E2F00963219 /* Images.xcassets in Resources */,
			);
			runOnlyForDeploymentPostprocessing = 0;
		};
		8106C6C718D47E3000963219 /* Resources */ = {
			isa = PBXResourcesBuildPhase;
			buildActionMask = 2147483647;
			files = (
				8106C6D518D47E3000963219 /* InfoPlist.strings in Resources */,
			);
			runOnlyForDeploymentPostprocessing = 0;
		};
/* End PBXResourcesBuildPhase section */

/* Begin PBXSourcesBuildPhase section */
		8106C6AA18D47E2F00963219 /* Sources */ = {
			isa = PBXSourcesBuildPhase;
			buildActionMask = 2147483647;
			files = (
				812C440219079FCD00FAF848 /* CSRepositoryFactory.m in Sources */,
				812C44131907AFA300FAF848 /* CSLabelRepository.m in Sources */,
				812C440B1907A1BB00FAF848 /* CSSQLiteSpendingModelRepository.m in Sources */,
				816F02B5190BACE80048272F /* CSSpendingModelDataSource.m in Sources */,
				814F5E07190BFBC6004750EF /* CSDatePickerViewController.m in Sources */,
				812C44101907AF6E00FAF848 /* CSCategoryRepository.m in Sources */,
				814F5E12190BFBDF004750EF /* CSDataDetailsTableViewController.m in Sources */,
				814F5E13190BFBDF004750EF /* CSDataTableViewController.m in Sources */,
				8106C6C218D47E2F00963219 /* CSAppDelegate.m in Sources */,
				812C44081907A11F00FAF848 /* CSSQLiteRepositoryFactory.m in Sources */,
				815DE2E01909017F0018F577 /* CSCategoryDataSource.m in Sources */,
				814F5E17190BFC28004750EF /* CSSettingsTableViewController.m in Sources */,
				815DE2E61909067C0018F577 /* CSLabelDataSource.m in Sources */,
				812C44161907B14C00FAF848 /* CSSQLiteCategoryRepository.m in Sources */,
				812C43FF19079EA000FAF848 /* CSSpendingModelRepository.m in Sources */,
				812C44191907B18000FAF848 /* CSSQLiteLabelRepository.m in Sources */,
				8106C6BE18D47E2F00963219 /* main.m in Sources */,
				814F5DEF190BF2E8004750EF /* CSSettingsManager.m in Sources */,
				814F5E02190BF6AD004750EF /* CSDropboxRepositoryFactory.m in Sources */,
				814F5E14190BFBDF004750EF /* CSSaveSpendingTableViewController.m in Sources */,
				814F5E08190BFBC6004750EF /* CSTablePickerViewController.m in Sources */,
				81374DA818D6406C00573148 /* CSSpendingModel.m in Sources */,
				812C44051907A05100FAF848 /* CSDataManager.m in Sources */,
				81CD0F77190A501E003D21E2 /* CSInfoView.m in Sources */,
				814F5E0B190BFBD2004750EF /* CSNewItemTableViewController.m in Sources */,
			);
			runOnlyForDeploymentPostprocessing = 0;
		};
		8106C6C518D47E3000963219 /* Sources */ = {
			isa = PBXSourcesBuildPhase;
			buildActionMask = 2147483647;
			files = (
				8106C6D718D47E3000963219 /* CashSplashTests.m in Sources */,
			);
			runOnlyForDeploymentPostprocessing = 0;
		};
/* End PBXSourcesBuildPhase section */

/* Begin PBXTargetDependency section */
		8106C6CF18D47E3000963219 /* PBXTargetDependency */ = {
			isa = PBXTargetDependency;
			target = 8106C6AD18D47E2F00963219 /* CashSplash */;
			targetProxy = 8106C6CE18D47E3000963219 /* PBXContainerItemProxy */;
		};
/* End PBXTargetDependency section */

/* Begin PBXVariantGroup section */
		8106C6BA18D47E2F00963219 /* InfoPlist.strings */ = {
			isa = PBXVariantGroup;
			children = (
				8106C6BB18D47E2F00963219 /* en */,
			);
			name = InfoPlist.strings;
			sourceTree = "<group>";
		};
		8106C6D318D47E3000963219 /* InfoPlist.strings */ = {
			isa = PBXVariantGroup;
			children = (
				8106C6D418D47E3000963219 /* en */,
			);
			name = InfoPlist.strings;
			sourceTree = "<group>";
		};
/* End PBXVariantGroup section */

/* Begin XCBuildConfiguration section */
		8106C6D818D47E3000963219 /* Debug */ = {
			isa = XCBuildConfiguration;
			buildSettings = {
				ALWAYS_SEARCH_USER_PATHS = NO;
				CLANG_CXX_LANGUAGE_STANDARD = "gnu++0x";
				CLANG_CXX_LIBRARY = "libc++";
				CLANG_ENABLE_MODULES = YES;
				CLANG_ENABLE_OBJC_ARC = YES;
				CLANG_WARN_BOOL_CONVERSION = YES;
				CLANG_WARN_CONSTANT_CONVERSION = YES;
				CLANG_WARN_DIRECT_OBJC_ISA_USAGE = YES_ERROR;
				CLANG_WARN_EMPTY_BODY = YES;
				CLANG_WARN_ENUM_CONVERSION = YES;
				CLANG_WARN_INT_CONVERSION = YES;
				CLANG_WARN_OBJC_ROOT_CLASS = YES_ERROR;
				CLANG_WARN__DUPLICATE_METHOD_MATCH = YES;
				"CODE_SIGN_IDENTITY[sdk=iphoneos*]" = "iPhone Developer";
				COPY_PHASE_STRIP = NO;
				GCC_C_LANGUAGE_STANDARD = gnu99;
				GCC_DYNAMIC_NO_PIC = NO;
				GCC_OPTIMIZATION_LEVEL = 0;
				GCC_PREPROCESSOR_DEFINITIONS = (
					"DEBUG=1",
					"$(inherited)",
				);
				GCC_SYMBOLS_PRIVATE_EXTERN = NO;
				GCC_WARN_64_TO_32_BIT_CONVERSION = YES;
				GCC_WARN_ABOUT_RETURN_TYPE = YES_ERROR;
				GCC_WARN_UNDECLARED_SELECTOR = YES;
				GCC_WARN_UNINITIALIZED_AUTOS = YES_AGGRESSIVE;
				GCC_WARN_UNUSED_FUNCTION = YES;
				GCC_WARN_UNUSED_VARIABLE = YES;
				IPHONEOS_DEPLOYMENT_TARGET = 7.0;
				ONLY_ACTIVE_ARCH = YES;
				SDKROOT = iphoneos;
				TARGETED_DEVICE_FAMILY = "1,2";
			};
			name = Debug;
		};
		8106C6D918D47E3000963219 /* Release */ = {
			isa = XCBuildConfiguration;
			buildSettings = {
				ALWAYS_SEARCH_USER_PATHS = NO;
				CLANG_CXX_LANGUAGE_STANDARD = "gnu++0x";
				CLANG_CXX_LIBRARY = "libc++";
				CLANG_ENABLE_MODULES = YES;
				CLANG_ENABLE_OBJC_ARC = YES;
				CLANG_WARN_BOOL_CONVERSION = YES;
				CLANG_WARN_CONSTANT_CONVERSION = YES;
				CLANG_WARN_DIRECT_OBJC_ISA_USAGE = YES_ERROR;
				CLANG_WARN_EMPTY_BODY = YES;
				CLANG_WARN_ENUM_CONVERSION = YES;
				CLANG_WARN_INT_CONVERSION = YES;
				CLANG_WARN_OBJC_ROOT_CLASS = YES_ERROR;
				CLANG_WARN__DUPLICATE_METHOD_MATCH = YES;
				"CODE_SIGN_IDENTITY[sdk=iphoneos*]" = "iPhone Developer";
				COPY_PHASE_STRIP = YES;
				ENABLE_NS_ASSERTIONS = NO;
				GCC_C_LANGUAGE_STANDARD = gnu99;
				GCC_WARN_64_TO_32_BIT_CONVERSION = YES;
				GCC_WARN_ABOUT_RETURN_TYPE = YES_ERROR;
				GCC_WARN_UNDECLARED_SELECTOR = YES;
				GCC_WARN_UNINITIALIZED_AUTOS = YES_AGGRESSIVE;
				GCC_WARN_UNUSED_FUNCTION = YES;
				GCC_WARN_UNUSED_VARIABLE = YES;
				IPHONEOS_DEPLOYMENT_TARGET = 7.0;
				SDKROOT = iphoneos;
				TARGETED_DEVICE_FAMILY = "1,2";
				VALIDATE_PRODUCT = YES;
			};
			name = Release;
		};
		8106C6DB18D47E3000963219 /* Debug */ = {
			isa = XCBuildConfiguration;
			buildSettings = {
				ASSETCATALOG_COMPILER_APPICON_NAME = AppIcon;
				ASSETCATALOG_COMPILER_LAUNCHIMAGE_NAME = LaunchImage;
				CODE_SIGN_IDENTITY = "iPhone Developer";
				FRAMEWORK_SEARCH_PATHS = (
					"$(inherited)",
					"$(PROJECT_DIR)",
				);
				GCC_PRECOMPILE_PREFIX_HEADER = YES;
				GCC_PREFIX_HEADER = "CashSplash/CashSplash-Prefix.pch";
				INFOPLIST_FILE = "CashSplash/CashSplash-Info.plist";
				IPHONEOS_DEPLOYMENT_TARGET = 7.0;
				PRODUCT_NAME = "$(TARGET_NAME)";
				WRAPPER_EXTENSION = app;
			};
			name = Debug;
		};
		8106C6DC18D47E3000963219 /* Release */ = {
			isa = XCBuildConfiguration;
			buildSettings = {
				ASSETCATALOG_COMPILER_APPICON_NAME = AppIcon;
				ASSETCATALOG_COMPILER_LAUNCHIMAGE_NAME = LaunchImage;
				CODE_SIGN_IDENTITY = "iPhone Developer";
				FRAMEWORK_SEARCH_PATHS = (
					"$(inherited)",
					"$(PROJECT_DIR)",
				);
				GCC_PRECOMPILE_PREFIX_HEADER = YES;
				GCC_PREFIX_HEADER = "CashSplash/CashSplash-Prefix.pch";
				INFOPLIST_FILE = "CashSplash/CashSplash-Info.plist";
				IPHONEOS_DEPLOYMENT_TARGET = 7.0;
				PRODUCT_NAME = "$(TARGET_NAME)";
				WRAPPER_EXTENSION = app;
			};
			name = Release;
		};
		8106C6DE18D47E3000963219 /* Debug */ = {
			isa = XCBuildConfiguration;
			buildSettings = {
				BUNDLE_LOADER = "$(BUILT_PRODUCTS_DIR)/CashSplash.app/CashSplash";
				FRAMEWORK_SEARCH_PATHS = (
					"$(SDKROOT)/Developer/Library/Frameworks",
					"$(inherited)",
					"$(DEVELOPER_FRAMEWORKS_DIR)",
				);
				GCC_PRECOMPILE_PREFIX_HEADER = YES;
				GCC_PREFIX_HEADER = "CashSplash/CashSplash-Prefix.pch";
				GCC_PREPROCESSOR_DEFINITIONS = (
					"DEBUG=1",
					"$(inherited)",
				);
				INFOPLIST_FILE = "CashSplashTests/CashSplashTests-Info.plist";
				PRODUCT_NAME = "$(TARGET_NAME)";
				TEST_HOST = "$(BUNDLE_LOADER)";
				WRAPPER_EXTENSION = xctest;
			};
			name = Debug;
		};
		8106C6DF18D47E3000963219 /* Release */ = {
			isa = XCBuildConfiguration;
			buildSettings = {
				BUNDLE_LOADER = "$(BUILT_PRODUCTS_DIR)/CashSplash.app/CashSplash";
				FRAMEWORK_SEARCH_PATHS = (
					"$(SDKROOT)/Developer/Library/Frameworks",
					"$(inherited)",
					"$(DEVELOPER_FRAMEWORKS_DIR)",
				);
				GCC_PRECOMPILE_PREFIX_HEADER = YES;
				GCC_PREFIX_HEADER = "CashSplash/CashSplash-Prefix.pch";
				INFOPLIST_FILE = "CashSplashTests/CashSplashTests-Info.plist";
				PRODUCT_NAME = "$(TARGET_NAME)";
				TEST_HOST = "$(BUNDLE_LOADER)";
				WRAPPER_EXTENSION = xctest;
			};
			name = Release;
		};
/* End XCBuildConfiguration section */

/* Begin XCConfigurationList section */
		8106C6A918D47E2F00963219 /* Build configuration list for PBXProject "CashSplash" */ = {
			isa = XCConfigurationList;
			buildConfigurations = (
				8106C6D818D47E3000963219 /* Debug */,
				8106C6D918D47E3000963219 /* Release */,
			);
			defaultConfigurationIsVisible = 0;
			defaultConfigurationName = Release;
		};
		8106C6DA18D47E3000963219 /* Build configuration list for PBXNativeTarget "CashSplash" */ = {
			isa = XCConfigurationList;
			buildConfigurations = (
				8106C6DB18D47E3000963219 /* Debug */,
				8106C6DC18D47E3000963219 /* Release */,
			);
			defaultConfigurationIsVisible = 0;
			defaultConfigurationName = Release;
		};
		8106C6DD18D47E3000963219 /* Build configuration list for PBXNativeTarget "CashSplashTests" */ = {
			isa = XCConfigurationList;
			buildConfigurations = (
				8106C6DE18D47E3000963219 /* Debug */,
				8106C6DF18D47E3000963219 /* Release */,
			);
			defaultConfigurationIsVisible = 0;
			defaultConfigurationName = Release;
		};
/* End XCConfigurationList section */
	};
	rootObject = 8106C6A618D47E2F00963219 /* Project object */;
}
